
Microsoft Visual Studio Solution File, Format Version 12.00
# Visual Studio Version 17
VisualStudioVersion = 17.4.33213.308
MinimumVisualStudioVersion = 10.0.40219.1
Project("{FAE04EC0-301F-11D3-BF4B-00C04F79EFBC}") = "SimpleCalculator", "SimpleCalculator\SimpleCalculator.csproj", "{56B975C3-5DD3-4435-9402-035B1DEBE00C}"
EndProject
Global
	GlobalSection(SolutionConfigurationPlatforms) = preSolution
		Debug|Any CPU = Debug|Any CPU
		Release|Any CPU = Release|Any CPU
	EndGlobalSection
	GlobalSection(ProjectConfigurationPlatforms) = postSolution
		{56B975C3-5DD3-4435-9402-035B1DEBE00C}.Debug|Any CPU.ActiveCfg = Debug|Any CPU
		{56B975C3-5DD3-4435-9402-035B1DEBE00C}.Debug|Any CPU.Build.0 = Debug|Any CPU
		{56B975C3-5DD3-4435-9402-035B1DEBE00C}.Release|Any CPU.ActiveCfg = Release|Any CPU
		{56B975C3-5DD3-4435-9402-035B1DEBE00C}.Release|Any CPU.Build.0 = Release|Any CPU
	EndGlobalSection
	GlobalSection(SolutionProperties) = preSolution
		HideSolutionNode = FALSE
	EndGlobalSection
	GlobalSection(ExtensibilityGlobals) = postSolution
		SolutionGuid = {12C1E1F5-E89A-4759-9D7A-CC8DFDF5339D}
	EndGlobalSection
EndGlobal
